
Microsoft Visual Studio Solution File, Format Version 12.00
# Visual Studio Version 17
VisualStudioVersion = 17.14.36121.58
MinimumVisualStudioVersion = 10.0.40219.1
Project("{FAE04EC0-301F-11D3-BF4B-00C04F79EFBC}") = "OpenRA.Converter.Core", "OpenRA.Converter.Core\OpenRA.Converter.Core.csproj", "{C3C54170-D1B7-49DA-BC01-AA2E7BB5FABF}"
EndProject
Project("{FAE04EC0-301F-11D3-BF4B-00C04F79EFBC}") = "OpenRA.Converter.Infrastructure", "OpenRA.Converter.Infrastructure\OpenRA.Converter.Infrastructure.csproj", "{F5A4F536-72E1-48D5-8A4B-50B46C224B62}"
EndProject
Project("{FAE04EC0-301F-11D3-BF4B-00C04F79EFBC}") = "OpenRA.Converter.Api", "OpenRA.Converter.Api\OpenRA.Converter.Api.csproj", "{49B913C6-AE99-4041-BB8B-273E911B56BB}"
EndProject
Project("{2150E333-8FDC-42A3-9474-1A3956D46DE8}") = "tests", "tests", "{02EA681E-C7D8-13C7-8484-4AC65E1B71E8}"
EndProject
Project("{FAE04EC0-301F-11D3-BF4B-00C04F79EFBC}") = "OpenRA.Converter.Tests", "OpenRA.Converter.Tests\OpenRA.Converter.Tests.csproj", "{4F12D306-FD93-4455-BD3B-BE690FA34003}"
EndProject
Global
	GlobalSection(SolutionConfigurationPlatforms) = preSolution
		Debug|Any CPU = Debug|Any CPU
		Release|Any CPU = Release|Any CPU
	EndGlobalSection
	GlobalSection(ProjectConfigurationPlatforms) = postSolution
		{C3C54170-D1B7-49DA-BC01-AA2E7BB5FABF}.Debug|Any CPU.ActiveCfg = Debug|Any CPU
		{C3C54170-D1B7-49DA-BC01-AA2E7BB5FABF}.Debug|Any CPU.Build.0 = Debug|Any CPU
		{C3C54170-D1B7-49DA-BC01-AA2E7BB5FABF}.Release|Any CPU.ActiveCfg = Release|Any CPU
		{C3C54170-D1B7-49DA-BC01-AA2E7BB5FABF}.Release|Any CPU.Build.0 = Release|Any CPU
		{F5A4F536-72E1-48D5-8A4B-50B46C224B62}.Debug|Any CPU.ActiveCfg = Debug|Any CPU
		{F5A4F536-72E1-48D5-8A4B-50B46C224B62}.Debug|Any CPU.Build.0 = Debug|Any CPU
		{F5A4F536-72E1-48D5-8A4B-50B46C224B62}.Release|Any CPU.ActiveCfg = Release|Any CPU
		{F5A4F536-72E1-48D5-8A4B-50B46C224B62}.Release|Any CPU.Build.0 = Release|Any CPU
		{49B913C6-AE99-4041-BB8B-273E911B56BB}.Debug|Any CPU.ActiveCfg = Debug|Any CPU
		{49B913C6-AE99-4041-BB8B-273E911B56BB}.Debug|Any CPU.Build.0 = Debug|Any CPU
		{49B913C6-AE99-4041-BB8B-273E911B56BB}.Release|Any CPU.ActiveCfg = Release|Any CPU
		{49B913C6-AE99-4041-BB8B-273E911B56BB}.Release|Any CPU.Build.0 = Release|Any CPU
		{4F12D306-FD93-4455-BD3B-BE690FA34003}.Debug|Any CPU.ActiveCfg = Debug|Any CPU
		{4F12D306-FD93-4455-BD3B-BE690FA34003}.Debug|Any CPU.Build.0 = Debug|Any CPU
		{4F12D306-FD93-4455-BD3B-BE690FA34003}.Release|Any CPU.ActiveCfg = Release|Any CPU
		{4F12D306-FD93-4455-BD3B-BE690FA34003}.Release|Any CPU.Build.0 = Release|Any CPU
	EndGlobalSection
	GlobalSection(SolutionProperties) = preSolution
		HideSolutionNode = FALSE
	EndGlobalSection
	GlobalSection(NestedProjects) = preSolution
		{4F12D306-FD93-4455-BD3B-BE690FA34003} = {02EA681E-C7D8-13C7-8484-4AC65E1B71E8}
	EndGlobalSection
	GlobalSection(ExtensibilityGlobals) = postSolution
		SolutionGuid = {5ADC0A7B-366F-4444-9BF7-D50F4F40AEDB}
	EndGlobalSection
EndGlobal
